
Microsoft Visual Studio Solution File, Format Version 12.00
# Visual Studio Version 16
VisualStudioVersion = 16.0.30907.101
MinimumVisualStudioVersion = 10.0.40219.1
Project("{9A19103F-16F7-4668-BE54-9A1E7A4F7556}") = "Oxide.Ext.RStats", "Oxide.Ext.RStats.csproj", "{53C8F809-F5E4-4488-8FC8-13AF7DFA2668}"
EndProject
Global
	GlobalSection(SolutionConfigurationPlatforms) = preSolution
		Debug|Any CPU = Debug|Any CPU
		Release|Any CPU = Release|Any CPU
	EndGlobalSection
	GlobalSection(ProjectConfigurationPlatforms) = postSolution
		{53C8F809-F5E4-4488-8FC8-13AF7DFA2668}.Debug|Any CPU.ActiveCfg = Debug|Any CPU
		{53C8F809-F5E4-4488-8FC8-13AF7DFA2668}.Debug|Any CPU.Build.0 = Debug|Any CPU
		{53C8F809-F5E4-4488-8FC8-13AF7DFA2668}.Release|Any CPU.ActiveCfg = Release|Any CPU
		{53C8F809-F5E4-4488-8FC8-13AF7DFA2668}.Release|Any CPU.Build.0 = Release|Any CPU
	EndGlobalSection
	GlobalSection(SolutionProperties) = preSolution
		HideSolutionNode = FALSE
	EndGlobalSection
	GlobalSection(ExtensibilityGlobals) = postSolution
		SolutionGuid = {4B202F2C-131C-4A46-A8FA-A614CAA6113D}
	EndGlobalSection
EndGlobal
